Microsoft Visual Studio Solution File, Format Version 11.00
# Visual Studio 2008

Project("{21D8C433-B745-6294-7141-5DB1B236742F}") = "Under_Siege", "Assembly-CSharp.csproj", "{D3833B14-2F81-377B-F81C-F1D5F906F1E5}"
EndProject
Global
	GlobalSection(SolutionConfigurationPlatforms) = preSolution
		Debug|Any CPU = Debug|Any CPU
		Release|Any CPU = Release|Any CPU
	EndGlobalSection
	GlobalSection(ProjectConfigurationPlatforms) = postSolution
		{D3833B14-2F81-377B-F81C-F1D5F906F1E5}.Debug|Any CPU.ActiveCfg = Debug|Any CPU
		{D3833B14-2F81-377B-F81C-F1D5F906F1E5}.Debug|Any CPU.Build.0 = Debug|Any CPU
		{D3833B14-2F81-377B-F81C-F1D5F906F1E5}.Release|Any CPU.ActiveCfg = Release|Any CPU
		{D3833B14-2F81-377B-F81C-F1D5F906F1E5}.Release|Any CPU.Build.0 = Release|Any CPU
	EndGlobalSection
	GlobalSection(SolutionProperties) = preSolution
		HideSolutionNode = FALSE
	EndGlobalSection
	GlobalSection(MonoDevelopProperties) = preSolution
		StartupItem = Assembly-CSharp.csproj
	EndGlobalSection
EndGlobal
